
Microsoft Visual Studio Solution File, Format Version 12.00
# Visual Studio Version 17
VisualStudioVersion = 17.14.37012.4
MinimumVisualStudioVersion = 10.0.40219.1
Project("{FAE04EC0-301F-11D3-BF4B-00C04F79EFBC}") = "DAL", "DAL\DAL.csproj", "{1A61C76E-40A9-4A58-BD6C-1282752C4A3F}"
EndProject
Project("{FAE04EC0-301F-11D3-BF4B-00C04F79EFBC}") = "BUS", "BUS\BUS.csproj", "{7583B193-F071-4CDD-9A1C-FD6F0B86D8F9}"
EndProject
Project("{FAE04EC0-301F-11D3-BF4B-00C04F79EFBC}") = "GUI", "GUI\GUI.csproj", "{76A80E6D-0573-4723-9B00-7A881AF67C6F}"
EndProject
Project("{FAE04EC0-301F-11D3-BF4B-00C04F79EFBC}") = "DTO", "DTO\DTO.csproj", "{6F1989AB-E299-4DF6-B9E6-8D5CCB30A9A5}"
EndProject
Global
	GlobalSection(SolutionConfigurationPlatforms) = preSolution
		Debug|Any CPU = Debug|Any CPU
		Release|Any CPU = Release|Any CPU
	EndGlobalSection
	GlobalSection(ProjectConfigurationPlatforms) = postSolution
		{1A61C76E-40A9-4A58-BD6C-1282752C4A3F}.Debug|Any CPU.ActiveCfg = Debug|Any CPU
		{1A61C76E-40A9-4A58-BD6C-1282752C4A3F}.Debug|Any CPU.Build.0 = Debug|Any CPU
		{1A61C76E-40A9-4A58-BD6C-1282752C4A3F}.Release|Any CPU.ActiveCfg = Release|Any CPU
		{1A61C76E-40A9-4A58-BD6C-1282752C4A3F}.Release|Any CPU.Build.0 = Release|Any CPU
		{7583B193-F071-4CDD-9A1C-FD6F0B86D8F9}.Debug|Any CPU.ActiveCfg = Debug|Any CPU
		{7583B193-F071-4CDD-9A1C-FD6F0B86D8F9}.Debug|Any CPU.Build.0 = Debug|Any CPU
		{7583B193-F071-4CDD-9A1C-FD6F0B86D8F9}.Release|Any CPU.ActiveCfg = Release|Any CPU
		{7583B193-F071-4CDD-9A1C-FD6F0B86D8F9}.Release|Any CPU.Build.0 = Release|Any CPU
		{76A80E6D-0573-4723-9B00-7A881AF67C6F}.Debug|Any CPU.ActiveCfg = Debug|Any CPU
		{76A80E6D-0573-4723-9B00-7A881AF67C6F}.Debug|Any CPU.Build.0 = Debug|Any CPU
		{76A80E6D-0573-4723-9B00-7A881AF67C6F}.Release|Any CPU.ActiveCfg = Release|Any CPU
		{76A80E6D-0573-4723-9B00-7A881AF67C6F}.Release|Any CPU.Build.0 = Release|Any CPU
		{6F1989AB-E299-4DF6-B9E6-8D5CCB30A9A5}.Debug|Any CPU.ActiveCfg = Debug|Any CPU
		{6F1989AB-E299-4DF6-B9E6-8D5CCB30A9A5}.Debug|Any CPU.Build.0 = Debug|Any CPU
		{6F1989AB-E299-4DF6-B9E6-8D5CCB30A9A5}.Release|Any CPU.ActiveCfg = Release|Any CPU
		{6F1989AB-E299-4DF6-B9E6-8D5CCB30A9A5}.Release|Any CPU.Build.0 = Release|Any CPU
	EndGlobalSection
	GlobalSection(SolutionProperties) = preSolution
		HideSolutionNode = FALSE
	EndGlobalSection
	GlobalSection(ExtensibilityGlobals) = postSolution
		SolutionGuid = {D0AC442C-0939-4B8A-AB23-9757C3C5AB5B}
	EndGlobalSection
EndGlobal
